
Microsoft Visual Studio Solution File, Format Version 12.00
# Visual Studio Version 17
VisualStudioVersion = 17.5.002.0
MinimumVisualStudioVersion = 10.0.40219.1
Project("{9A19103F-16F7-4668-BE54-9A1E7A4F7556}") = "DesafioProjetoHospedagem", "DesafioProjetoHospedagem.csproj", "{9F410F41-BB5D-47FE-B61D-39BCC46BE9F4}"
EndProject
Global
	GlobalSection(SolutionConfigurationPlatforms) = preSolution
		Debug|Any CPU = Debug|Any CPU
		Release|Any CPU = Release|Any CPU
	EndGlobalSection
	GlobalSection(ProjectConfigurationPlatforms) = postSolution
		{9F410F41-BB5D-47FE-B61D-39BCC46BE9F4}.Debug|Any CPU.ActiveCfg = Debug|Any CPU
		{9F410F41-BB5D-47FE-B61D-39BCC46BE9F4}.Debug|Any CPU.Build.0 = Debug|Any CPU
		{9F410F41-BB5D-47FE-B61D-39BCC46BE9F4}.Release|Any CPU.ActiveCfg = Release|Any CPU
		{9F410F41-BB5D-47FE-B61D-39BCC46BE9F4}.Release|Any CPU.Build.0 = Release|Any CPU
	EndGlobalSection
	GlobalSection(SolutionProperties) = preSolution
		HideSolutionNode = FALSE
	EndGlobalSection
	GlobalSection(ExtensibilityGlobals) = postSolution
		SolutionGuid = {F6B2C100-9674-4105-AFB4-92CB5E1B1DB8}
	EndGlobalSection
EndGlobal
